// !$*UTF8*$!
{
	archiveVersion = 1;
	classes = {
	};
	objectVersion = 50;
	objects = {

/* Begin PBXBuildFile section */
		B6BD8F4824351BE80078E99B /* AppDelegate.swift in Sources */ = {isa = PBXBuildFile; fileRef = B6BD8F4724351BE80078E99B /* AppDelegate.swift */; };
		B6BD8F4A24351BE80078E99B /* SceneDelegate.swift in Sources */ = {isa = PBXBuildFile; fileRef = B6BD8F4924351BE80078E99B /* SceneDelegate.swift */; };
		B6BD8F4C24351BE80078E99B /* ViewController.swift in Sources */ = {isa = PBXBuildFile; fileRef = B6BD8F4B24351BE80078E99B /* ViewController.swift */; };
		B6BD8F4F24351BE80078E99B /* Main.storyboard in Resources */ = {isa = PBXBuildFile; fileRef = B6BD8F4D24351BE80078E99B /* Main.storyboard */; };
		B6BD8F5124351BEB0078E99B /* Assets.xcassets in Resources */ = {isa = PBXBuildFile; fileRef = B6BD8F5024351BEB0078E99B /* Assets.xcassets */; };
		B6BD8F5424351BEB0078E99B /* LaunchScreen.storyboard in Resources */ = {isa = PBXBuildFile; fileRef = B6BD8F5224351BEB0078E99B /* LaunchScreen.storyboard */; };
		B6BD8F5C24351CA00078E99B /* GymAI ActivityClassifier 1.mlmodel in Sources */ = {isa = PBXBuildFile; fileRef = B6BD8F5B24351CA00078E99B /* GymAI ActivityClassifier 1.mlmodel */; };
		B6BD8F5E243533030078E99B /* v_BaseballPitch_g04_c02.avi in Resources */ = {isa = PBXBuildFile; fileRef = B6BD8F5D243533030078E99B /* v_BaseballPitch_g04_c02.avi */; };
		B6BD8F6024353B560078E99B /* big_buck_bunny_720p_5mb.mp4 in Resources */ = {isa = PBXBuildFile; fileRef = B6BD8F5F24353B560078E99B /* big_buck_bunny_720p_5mb.mp4 */; };
/* End PBXBuildFile section */

/* Begin PBXFileReference section */
		B6BD8F4424351BE80078E99B /* SimpleMLDemo.app */ = {isa = PBXFileReference; explicitFileType = wrapper.application; includeInIndex = 0; path = SimpleMLDemo.app; sourceTree = BUILT_PRODUCTS_DIR; };
		B6BD8F4724351BE80078E99B /* AppDelegate.swift */ = {isa = PBXFileReference; lastKnownFileType = sourcecode.swift; path = AppDelegate.swift; sourceTree = "<group>"; };
		B6BD8F4924351BE80078E99B /* SceneDelegate.swift */ = {isa = PBXFileReference; lastKnownFileType = sourcecode.swift; path = SceneDelegate.swift; sourceTree = "<group>"; };
		B6BD8F4B24351BE80078E99B /* ViewController.swift */ = {isa = PBXFileReference; lastKnownFileType = sourcecode.swift; path = ViewController.swift; sourceTree = "<group>"; };
		B6BD8F4E24351BE80078E99B /* Base */ = {isa = PBXFileReference; lastKnownFileType = file.storyboard; name = Base; path = Base.lproj/Main.storyboard; sourceTree = "<group>"; };
		B6BD8F5024351BEB0078E99B /* Assets.xcassets */ = {isa = PBXFileReference; lastKnownFileType = folder.assetcatalog; path = Assets.xcassets; sourceTree = "<group>"; };
		B6BD8F5324351BEB0078E99B /* Base */ = {isa = PBXFileReference; lastKnownFileType = file.storyboard; name = Base; path = Base.lproj/LaunchScreen.storyboard; sourceTree = "<group>"; };
		B6BD8F5524351BEB0078E99B /* Info.plist */ = {isa = PBXFileReference; lastKnownFileType = text.plist.xml; path = Info.plist; sourceTree = "<group>"; };
		B6BD8F5B24351CA00078E99B /* GymAI ActivityClassifier 1.mlmodel */ = {isa = PBXFileReference; lastKnownFileType = file.mlmodel; path = "GymAI ActivityClassifier 1.mlmodel"; sourceTree = "<group>"; };
		B6BD8F5D243533030078E99B /* v_BaseballPitch_g04_c02.avi */ = {isa = PBXFileReference; lastKnownFileType = video.avi; path = v_BaseballPitch_g04_c02.avi; sourceTree = "<group>"; };
		B6BD8F5F24353B560078E99B /* big_buck_bunny_720p_5mb.mp4 */ = {isa = PBXFileReference; lastKnownFileType = file; path = big_buck_bunny_720p_5mb.mp4; sourceTree = "<group>"; };
/* End PBXFileReference section */

/* Begin PBXFrameworksBuildPhase section */
		B6BD8F4124351BE80078E99B /* Frameworks */ = {
			isa = PBXFrameworksBuildPhase;
			buildActionMask = 2147483647;
			files = (
			);
			runOnlyForDeploymentPostprocessing = 0;
		};
/* End PBXFrameworksBuildPhase section */

/* Begin PBXGroup section */
		AEB453A6246377D20061A326 /* Resources */ = {
			isa = PBXGroup;
			children = (
				B6BD8F5F24353B560078E99B /* big_buck_bunny_720p_5mb.mp4 */,
				B6BD8F5D243533030078E99B /* v_BaseballPitch_g04_c02.avi */,
				B6BD8F5B24351CA00078E99B /* GymAI ActivityClassifier 1.mlmodel */,
			);
			path = Resources;
			sourceTree = "<group>";
		};
		B6BD8F3B24351BE80078E99B = {
			isa = PBXGroup;
			children = (
				B6BD8F4624351BE80078E99B /* SimpleMLDemo */,
				B6BD8F4524351BE80078E99B /* Products */,
			);
			sourceTree = "<group>";
		};
		B6BD8F4524351BE80078E99B /* Products */ = {
			isa = PBXGroup;
			children = (
				B6BD8F4424351BE80078E99B /* SimpleMLDemo.app */,
			);
			name = Products;
			sourceTree = "<group>";
		};
		B6BD8F4624351BE80078E99B /* SimpleMLDemo */ = {
			isa = PBXGroup;
			children = (
				AEB453A6246377D20061A326 /* Resources */,
				B6BD8F4724351BE80078E99B /* AppDelegate.swift */,
				B6BD8F4924351BE80078E99B /* SceneDelegate.swift */,
				B6BD8F4B24351BE80078E99B /* ViewController.swift */,
				B6BD8F4D24351BE80078E99B /* Main.storyboard */,
				B6BD8F5024351BEB0078E99B /* Assets.xcassets */,
				B6BD8F5224351BEB0078E99B /* LaunchScreen.storyboard */,
				B6BD8F5524351BEB0078E99B /* Info.plist */,
			);
			path = SimpleMLDemo;
			sourceTree = "<group>";
		};
/* End PBXGroup section */

/* Begin PBXNativeTarget section */
		B6BD8F4324351BE80078E99B /* SimpleMLDemo */ = {
			isa = PBXNativeTarget;
			buildConfigurationList = B6BD8F5824351BEB0078E99B /* Build configuration list for PBXNativeTarget "SimpleMLDemo" */;
			buildPhases = (
				B6BD8F4024351BE80078E99B /* Sources */,
				B6BD8F4124351BE80078E99B /* Frameworks */,
				B6BD8F4224351BE80078E99B /* Resources */,
			);
			buildRules = (
			);
			dependencies = (
			);
			name = SimpleMLDemo;
			productName = SimpleMLDemo;
			productReference = B6BD8F4424351BE80078E99B /* SimpleMLDemo.app */;
			productType = "com.apple.product-type.application";
		};
/* End PBXNativeTarget section */

/* Begin PBXProject section */
		B6BD8F3C24351BE80078E99B /* Project object */ = {
			isa = PBXProject;
			attributes = {
				LastSwiftUpdateCheck = 1130;
				LastUpgradeCheck = 1130;
				ORGANIZATIONNAME = "Gabriele Fioretti";
				TargetAttributes = {
					B6BD8F4324351BE80078E99B = {
						CreatedOnToolsVersion = 11.3.1;
					};
				};
			};
			buildConfigurationList = B6BD8F3F24351BE80078E99B /* Build configuration list for PBXProject "SimpleMLDemo" */;
			compatibilityVersion = "Xcode 9.3";
			developmentRegion = en;
			hasScannedForEncodings = 0;
			knownRegions = (
				en,
				Base,
			);
			mainGroup = B6BD8F3B24351BE80078E99B;
			productRefGroup = B6BD8F4524351BE80078E99B /* Products */;
			projectDirPath = "";
			projectRoot = "";
			targets = (
				B6BD8F4324351BE80078E99B /* SimpleMLDemo */,
			);
		};
/* End PBXProject section */

/* Begin PBXResourcesBuildPhase section */
		B6BD8F4224351BE80078E99B /* Resources */ = {
			isa = PBXResourcesBuildPhase;
			buildActionMask = 2147483647;
			files = (
				B6BD8F5424351BEB0078E99B /* LaunchScreen.storyboard in Resources */,
				B6BD8F5124351BEB0078E99B /* Assets.xcassets in Resources */,
				B6BD8F6024353B560078E99B /* big_buck_bunny_720p_5mb.mp4 in Resources */,
				B6BD8F5E243533030078E99B /* v_BaseballPitch_g04_c02.avi in Resources */,
				B6BD8F4F24351BE80078E99B /* Main.storyboard in Resources */,
			);
			runOnlyForDeploymentPostprocessing = 0;
		};
/* End PBXResourcesBuildPhase section */

/* Begin PBXSourcesBuildPhase section */
		B6BD8F4024351BE80078E99B /* Sources */ = {
			isa = PBXSourcesBuildPhase;
			buildActionMask = 2147483647;
			files = (
				B6BD8F5C24351CA00078E99B /* GymAI ActivityClassifier 1.mlmodel in Sources */,
				B6BD8F4C24351BE80078E99B /* ViewController.swift in Sources */,
				B6BD8F4824351BE80078E99B /* AppDelegate.swift in Sources */,
				B6BD8F4A24351BE80078E99B /* SceneDelegate.swift in Sources */,
			);
			runOnlyForDeploymentPostprocessing = 0;
		};
/* End PBXSourcesBuildPhase section */

/* Begin PBXVariantGroup section */
		B6BD8F4D24351BE80078E99B /* Main.storyboard */ = {
			isa = PBXVariantGroup;
			children = (
				B6BD8F4E24351BE80078E99B /* Base */,
			);
			name = Main.storyboard;
			sourceTree = "<group>";
		};
		B6BD8F5224351BEB0078E99B /* LaunchScreen.storyboard */ = {
			isa = PBXVariantGroup;
			children = (
				B6BD8F5324351BEB0078E99B /* Base */,
			);
			name = LaunchScreen.storyboard;
			sourceTree = "<group>";
		};
/* End PBXVariantGroup section */

/* Begin XCBuildConfiguration section */
		B6BD8F5624351BEB0078E99B /* Debug */ = {
			isa = XCBuildConfiguration;
			buildSettings = {
				ALWAYS_SEARCH_USER_PATHS = NO;
				CLANG_ANALYZER_NONNULL = YES;
				CLANG_ANALYZER_NUMBER_OBJECT_CONVERSION = YES_AGGRESSIVE;
				CLANG_CXX_LANGUAGE_STANDARD = "gnu++14";
				CLANG_CXX_LIBRARY = "libc++";
				CLANG_ENABLE_MODULES = YES;
				CLANG_ENABLE_OBJC_ARC = YES;
				CLANG_ENABLE_OBJC_WEAK = YES;
				CLANG_WARN_BLOCK_CAPTURE_AUTORELEASING = YES;
				CLANG_WARN_BOOL_CONVERSION = YES;
				CLANG_WARN_COMMA = YES;
				CLANG_WARN_CONSTANT_CONVERSION = YES;
				CLANG_WARN_DEPRECATED_OBJC_IMPLEMENTATIONS = YES;
				CLANG_WARN_DIRECT_OBJC_ISA_USAGE = YES_ERROR;
				CLANG_WARN_DOCUMENTATION_COMMENTS = YES;
				CLANG_WARN_EMPTY_BODY = YES;
				CLANG_WARN_ENUM_CONVERSION = YES;
				CLANG_WARN_INFINITE_RECURSION = YES;
				CLANG_WARN_INT_CONVERSION = YES;
				CLANG_WARN_NON_LITERAL_NULL_CONVERSION = YES;
				CLANG_WARN_OBJC_IMPLICIT_RETAIN_SELF = YES;
				CLANG_WARN_OBJC_LITERAL_CONVERSION = YES;
				CLANG_WARN_OBJC_ROOT_CLASS = YES_ERROR;
				CLANG_WARN_RANGE_LOOP_ANALYSIS = YES;
				CLANG_WARN_STRICT_PROTOTYPES = YES;
				CLANG_WARN_SUSPICIOUS_MOVE = YES;
				CLANG_WARN_UNGUARDED_AVAILABILITY = YES_AGGRESSIVE;
				CLANG_WARN_UNREACHABLE_CODE = YES;
				CLANG_WARN__DUPLICATE_METHOD_MATCH = YES;
				COPY_PHASE_STRIP = NO;
				DEBUG_INFORMATION_FORMAT = dwarf;
				ENABLE_STRICT_OBJC_MSGSEND = YES;
				ENABLE_TESTABILITY = YES;
				GCC_C_LANGUAGE_STANDARD = gnu11;
				GCC_DYNAMIC_NO_PIC = NO;
				GCC_NO_COMMON_BLOCKS = YES;
				GCC_OPTIMIZATION_LEVEL = 0;
				GCC_PREPROCESSOR_DEFINITIONS = (
					"DEBUG=1",
					"$(inherited)",
				);
				GCC_WARN_64_TO_32_BIT_CONVERSION = YES;
				GCC_WARN_ABOUT_RETURN_TYPE = YES_ERROR;
				GCC_WARN_UNDECLARED_SELECTOR = YES;
				GCC_WARN_UNINITIALIZED_AUTOS = YES_AGGRESSIVE;
				GCC_WARN_UNUSED_FUNCTION = YES;
				GCC_WARN_UNUSED_VARIABLE = YES;
				IPHONEOS_DEPLOYMENT_TARGET = 13.2;
				MTL_ENABLE_DEBUG_INFO = INCLUDE_SOURCE;
				MTL_FAST_MATH = YES;
				ONLY_ACTIVE_ARCH = YES;
				SDKROOT = iphoneos;
				SWIFT_ACTIVE_COMPILATION_CONDITIONS = DEBUG;
				SWIFT_OPTIMIZATION_LEVEL = "-Onone";
			};
			name = Debug;
		};
		B6BD8F5724351BEB0078E99B /* Release */ = {
			isa = XCBuildConfiguration;
			buildSettings = {
				ALWAYS_SEARCH_USER_PATHS = NO;
				CLANG_ANALYZER_NONNULL = YES;
				CLANG_ANALYZER_NUMBER_OBJECT_CONVERSION = YES_AGGRESSIVE;
				CLANG_CXX_LANGUAGE_STANDARD = "gnu++14";
				CLANG_CXX_LIBRARY = "libc++";
				CLANG_ENABLE_MODULES = YES;
				CLANG_ENABLE_OBJC_ARC = YES;
				CLANG_ENABLE_OBJC_WEAK = YES;
				CLANG_WARN_BLOCK_CAPTURE_AUTORELEASING = YES;
				CLANG_WARN_BOOL_CONVERSION = YES;
				CLANG_WARN_COMMA = YES;
				CLANG_WARN_CONSTANT_CONVERSION = YES;
				CLANG_WARN_DEPRECATED_OBJC_IMPLEMENTATIONS = YES;
				CLANG_WARN_DIRECT_OBJC_ISA_USAGE = YES_ERROR;
				CLANG_WARN_DOCUMENTATION_COMMENTS = YES;
				CLANG_WARN_EMPTY_BODY = YES;
				CLANG_WARN_ENUM_CONVERSION = YES;
				CLANG_WARN_INFINITE_RECURSION = YES;
				CLANG_WARN_INT_CONVERSION = YES;
				CLANG_WARN_NON_LITERAL_NULL_CONVERSION = YES;
				CLANG_WARN_OBJC_IMPLICIT_RETAIN_SELF = YES;
				CLANG_WARN_OBJC_LITERAL_CONVERSION = YES;
				CLANG_WARN_OBJC_ROOT_CLASS = YES_ERROR;
				CLANG_WARN_RANGE_LOOP_ANALYSIS = YES;
				CLANG_WARN_STRICT_PROTOTYPES = YES;
				CLANG_WARN_SUSPICIOUS_MOVE = YES;
				CLANG_WARN_UNGUARDED_AVAILABILITY = YES_AGGRESSIVE;
				CLANG_WARN_UNREACHABLE_CODE = YES;
				CLANG_WARN__DUPLICATE_METHOD_MATCH = YES;
				COPY_PHASE_STRIP = NO;
				DEBUG_INFORMATION_FORMAT = "dwarf-with-dsym";
				ENABLE_NS_ASSERTIONS = NO;
				ENABLE_STRICT_OBJC_MSGSEND = YES;
				GCC_C_LANGUAGE_STANDARD = gnu11;
				GCC_NO_COMMON_BLOCKS = YES;
				GCC_WARN_64_TO_32_BIT_CONVERSION = YES;
				GCC_WARN_ABOUT_RETURN_TYPE = YES_ERROR;
				GCC_WARN_UNDECLARED_SELECTOR = YES;
				GCC_WARN_UNINITIALIZED_AUTOS = YES_AGGRESSIVE;
				GCC_WARN_UNUSED_FUNCTION = YES;
				GCC_WARN_UNUSED_VARIABLE = YES;
				IPHONEOS_DEPLOYMENT_TARGET = 13.2;
				MTL_ENABLE_DEBUG_INFO = NO;
				MTL_FAST_MATH = YES;
				SDKROOT = iphoneos;
				SWIFT_COMPILATION_MODE = wholemodule;
				SWIFT_OPTIMIZATION_LEVEL = "-O";
				VALIDATE_PRODUCT = YES;
			};
			name = Release;
		};
		B6BD8F5924351BEB0078E99B /* Debug */ = {
			isa = XCBuildConfiguration;
			buildSettings = {
				ASSETCATALOG_COMPILER_APPICON_NAME = AppIcon;
				CODE_SIGN_STYLE = Automatic;
				DEVELOPMENT_TEAM = 9749X6SLLK;
				INFOPLIST_FILE = SimpleMLDemo/Info.plist;
				LD_RUNPATH_SEARCH_PATHS = (
					"$(inherited)",
					"@executable_path/Frameworks",
				);
				PRODUCT_BUNDLE_IDENTIFIER = com.gmail.fiorettigabriele.SimpleMLDemo;
				PRODUCT_NAME = "$(TARGET_NAME)";
				SWIFT_VERSION = 5.0;
				TARGETED_DEVICE_FAMILY = "1,2";
			};
			name = Debug;
		};
		B6BD8F5A24351BEB0078E99B /* Release */ = {
			isa = XCBuildConfiguration;
			buildSettings = {
				ASSETCATALOG_COMPILER_APPICON_NAME = AppIcon;
				CODE_SIGN_STYLE = Automatic;
				DEVELOPMENT_TEAM = 9749X6SLLK;
				INFOPLIST_FILE = SimpleMLDemo/Info.plist;
				LD_RUNPATH_SEARCH_PATHS = (
					"$(inherited)",
					"@executable_path/Frameworks",
				);
				PRODUCT_BUNDLE_IDENTIFIER = com.gmail.fiorettigabriele.SimpleMLDemo;
				PRODUCT_NAME = "$(TARGET_NAME)";
				SWIFT_VERSION = 5.0;
				TARGETED_DEVICE_FAMILY = "1,2";
			};
			name = Release;
		};
/* End XCBuildConfiguration section */

/* Begin XCConfigurationList section */
		B6BD8F3F24351BE80078E99B /* Build configuration list for PBXProject "SimpleMLDemo" */ = {
			isa = XCConfigurationList;
			buildConfigurations = (
				B6BD8F5624351BEB0078E99B /* Debug */,
				B6BD8F5724351BEB0078E99B /* Release */,
			);
			defaultConfigurationIsVisible = 0;
			defaultConfigurationName = Release;
		};
		B6BD8F5824351BEB0078E99B /* Build configuration list for PBXNativeTarget "SimpleMLDemo" */ = {
			isa = XCConfigurationList;
			buildConfigurations = (
				B6BD8F5924351BEB0078E99B /* Debug */,
				B6BD8F5A24351BEB0078E99B /* Release */,
			);
			defaultConfigurationIsVisible = 0;
			defaultConfigurationName = Release;
		};
/* End XCConfigurationList section */
	};
	rootObject = B6BD8F3C24351BE80078E99B /* Project object */;
}
